
Microsoft Visual Studio Solution File, Format Version 12.00
# Visual Studio Version 16
VisualStudioVersion = 16.0.31005.135
MinimumVisualStudioVersion = 10.0.40219.1
Project("{FAE04EC0-301F-11D3-BF4B-00C04F79EFBC}") = "SignalR", "SignalR\SignalR.csproj", "{BCA826BA-C643-4329-843F-42738B5E9A0B}"
EndProject
Project("{FAE04EC0-301F-11D3-BF4B-00C04F79EFBC}") = "SingalRServer", "SingalRServer\SingalRServer.csproj", "{C3A28A56-0A2B-4D0B-9CF2-0846C45F5749}"
EndProject
Project("{FAE04EC0-301F-11D3-BF4B-00C04F79EFBC}") = "SharedLib", "SharedLib\SharedLib.csproj", "{025ACCD9-D05D-4E64-B581-8DC214919F98}"
EndProject
Global
	GlobalSection(SolutionConfigurationPlatforms) = preSolution
		Debug|Any CPU = Debug|Any CPU
		Debug|x86 = Debug|x86
		Release|Any CPU = Release|Any CPU
		Release|x86 = Release|x86
	EndGlobalSection
	GlobalSection(ProjectConfigurationPlatforms) = postSolution
		{BCA826BA-C643-4329-843F-42738B5E9A0B}.Debug|Any CPU.ActiveCfg = Debug|x86
		{BCA826BA-C643-4329-843F-42738B5E9A0B}.Debug|x86.ActiveCfg = Debug|x86
		{BCA826BA-C643-4329-843F-42738B5E9A0B}.Debug|x86.Build.0 = Debug|x86
		{BCA826BA-C643-4329-843F-42738B5E9A0B}.Release|Any CPU.ActiveCfg = Release|x86
		{BCA826BA-C643-4329-843F-42738B5E9A0B}.Release|x86.ActiveCfg = Release|x86
		{BCA826BA-C643-4329-843F-42738B5E9A0B}.Release|x86.Build.0 = Release|x86
		{C3A28A56-0A2B-4D0B-9CF2-0846C45F5749}.Debug|Any CPU.ActiveCfg = Debug|x86
		{C3A28A56-0A2B-4D0B-9CF2-0846C45F5749}.Debug|x86.ActiveCfg = Debug|x86
		{C3A28A56-0A2B-4D0B-9CF2-0846C45F5749}.Debug|x86.Build.0 = Debug|x86
		{C3A28A56-0A2B-4D0B-9CF2-0846C45F5749}.Release|Any CPU.ActiveCfg = Release|x86
		{C3A28A56-0A2B-4D0B-9CF2-0846C45F5749}.Release|x86.ActiveCfg = Release|x86
		{C3A28A56-0A2B-4D0B-9CF2-0846C45F5749}.Release|x86.Build.0 = Release|x86
		{025ACCD9-D05D-4E64-B581-8DC214919F98}.Debug|Any CPU.ActiveCfg = Debug|Any CPU
		{025ACCD9-D05D-4E64-B581-8DC214919F98}.Debug|Any CPU.Build.0 = Debug|Any CPU
		{025ACCD9-D05D-4E64-B581-8DC214919F98}.Debug|x86.ActiveCfg = Debug|Any CPU
		{025ACCD9-D05D-4E64-B581-8DC214919F98}.Debug|x86.Build.0 = Debug|Any CPU
		{025ACCD9-D05D-4E64-B581-8DC214919F98}.Release|Any CPU.ActiveCfg = Release|Any CPU
		{025ACCD9-D05D-4E64-B581-8DC214919F98}.Release|Any CPU.Build.0 = Release|Any CPU
		{025ACCD9-D05D-4E64-B581-8DC214919F98}.Release|x86.ActiveCfg = Release|Any CPU
		{025ACCD9-D05D-4E64-B581-8DC214919F98}.Release|x86.Build.0 = Release|Any CPU
	EndGlobalSection
	GlobalSection(SolutionProperties) = preSolution
		HideSolutionNode = FALSE
	EndGlobalSection
	GlobalSection(ExtensibilityGlobals) = postSolution
		SolutionGuid = {39D9A067-9300-487B-84CB-FBCF691ED8EB}
	EndGlobalSection
EndGlobal
